
Microsoft Visual Studio Solution File, Format Version 12.00
# Visual Studio Version 17
VisualStudioVersion = 17.11.35312.102
MinimumVisualStudioVersion = 10.0.40219.1
Project("{FAE04EC0-301F-11D3-BF4B-00C04F79EFBC}") = "Test2Product", "Test2Product.csproj", "{2B1A8BC1-FCFC-4765-8485-A5E5902D04AE}"
EndProject
Global
	GlobalSection(SolutionConfigurationPlatforms) = preSolution
		Debug|Any CPU = Debug|Any CPU
		Release|Any CPU = Release|Any CPU
	EndGlobalSection
	GlobalSection(ProjectConfigurationPlatforms) = postSolution
		{2B1A8BC1-FCFC-4765-8485-A5E5902D04AE}.Debug|Any CPU.ActiveCfg = Debug|Any CPU
		{2B1A8BC1-FCFC-4765-8485-A5E5902D04AE}.Debug|Any CPU.Build.0 = Debug|Any CPU
		{2B1A8BC1-FCFC-4765-8485-A5E5902D04AE}.Release|Any CPU.ActiveCfg = Release|Any CPU
		{2B1A8BC1-FCFC-4765-8485-A5E5902D04AE}.Release|Any CPU.Build.0 = Release|Any CPU
	EndGlobalSection
	GlobalSection(SolutionProperties) = preSolution
		HideSolutionNode = FALSE
	EndGlobalSection
	GlobalSection(ExtensibilityGlobals) = postSolution
		SolutionGuid = {4487C949-F36B-4FD6-95FD-B84C3FE71F60}
	EndGlobalSection
EndGlobal
